{
    "_readme": [
        "This file locks the dependencies of your project to a known state",
        "Read more about it at https://getcomposer.org/doc/01-basic-usage.md#installing-dependencies",
        "This file is @generated automatically"
    ],
    "content-hash": "b807cc39349df08354c65dae8c544576",
    "packages": [],
    "packages-dev": [],
    "aliases": [],
    "minimum-stability": "stable",
    "stability-flags": [],
    "prefer-stable": false,
    "prefer-lowest": false,
    "platform": {
        "php": "^7.4",
        "ext-apcu": "*",
        "ext-curl": "*",
        "ext-dom": "*",
        "ext-gmp": "*",
        "ext-iconv": "*",
        "ext-intl": "*",
        "ext-json": "*",
        "ext-mbstring": "*",
        "ext-openssl": "*",
        "ext-pdo": "*",
        "ext-pdo_mysql": "*",
        "ext-phar": "*",
        "ext-tokenizer": "*",
        "ext-zend-opcache": "*"
    },
    "platform-dev": [],
    "plugin-api-version": "2.1.0"
}
