{
    "_readme": [
        "This file locks the dependencies of your project to a known state",
        "Read more about it at https://getcomposer.org/doc/01-basic-usage.md#composer-lock-the-lock-file",
        "This file is @generated automatically"
    ],
    "content-hash": "6438479924ae3df0352f52dc8feef7a2",
    "packages": [],
    "packages-dev": [],
    "aliases": [],
    "minimum-stability": "stable",
    "stability-flags": [],
    "prefer-stable": false,
    "prefer-lowest": false,
    "platform": {
        "php": "~7.1.0",
        "ext-curl": "*",
        "ext-dom": "*",
        "ext-intl": "*",
        "ext-json": "*",
        "ext-mbstring": "*",
        "ext-pdo_mysql": "*",
        "ext-zend-opcache": "*",
        "ext-zip": "*",
        "ext-apcu": "*"
    },
    "platform-dev": []
}
