{
    "name": "tkhamez-neucore-heroku",
    "lockfileVersion": 2,
    "requires": true,
    "packages": {
        "": {
            "name": "tkhamez-neucore-heroku",
            "license": "MIT",
            "engines": {
                "node": "16.15.1",
                "npm": "8.11.0"
            }
        }
    }
}
