{
    "name": "neucore-api",
    "requires": true,
    "lockfileVersion": 1,
    "dependencies": {
        "swagger-ui-dist": {
            "version": "3.20.2",
            "resolved": "https://registry.npmjs.org/swagger-ui-dist/-/swagger-ui-dist-3.20.2.tgz",
            "integrity": "sha512-gIDjD7b9mnxZDGAgkAIYWxuMx+3fNerXHmD2544MBEKeeIQIHPcrkdIAoz4E2FLlv5tLqdgZPRqfybbTODSotA=="
        }
    }
}
