{
    "name": "tkhamez-neucore-api",
    "requires": true,
    "lockfileVersion": 1,
    "dependencies": {
        "swagger-ui-dist": {
            "version": "3.22.2",
            "resolved": "https://registry.npmjs.org/swagger-ui-dist/-/swagger-ui-dist-3.22.2.tgz",
            "integrity": "sha512-37RuIYRKjFfoLPctzA2dWvBMJjWa1GLc0NgmubuRbr16b3pSuf9S0rY+82l6F86VV4xlgdPiLMcOZhqcIg/OOg=="
        }
    }
}
